
Microsoft Visual Studio Solution File, Format Version 12.00
# Visual Studio Version 16
VisualStudioVersion = 16.0.29613.14
MinimumVisualStudioVersion = 10.0.40219.1
Project("{9A19103F-16F7-4668-BE54-9A1E7A4F7556}") = "UniversityClinicHospital", "UniversityClinicHospital\UniversityClinicHospital.csproj", "{7CC1CFC3-F776-4485-AB79-00E9796D154B}"
EndProject
Project("{FAE04EC0-301F-11D3-BF4B-00C04F79EFBC}") = "UniversityClinicHospital.Tests", "UniversityClinicHospital.Tests\UniversityClinicHospital.Tests.csproj", "{8632A8A0-B31D-498D-AD5F-E7AB53748E47}"
EndProject
Global
	GlobalSection(SolutionConfigurationPlatforms) = preSolution
		Debug|Any CPU = Debug|Any CPU
		Release|Any CPU = Release|Any CPU
	EndGlobalSection
	GlobalSection(ProjectConfigurationPlatforms) = postSolution
		{7CC1CFC3-F776-4485-AB79-00E9796D154B}.Debug|Any CPU.ActiveCfg = Debug|Any CPU
		{7CC1CFC3-F776-4485-AB79-00E9796D154B}.Debug|Any CPU.Build.0 = Debug|Any CPU
		{7CC1CFC3-F776-4485-AB79-00E9796D154B}.Release|Any CPU.ActiveCfg = Release|Any CPU
		{7CC1CFC3-F776-4485-AB79-00E9796D154B}.Release|Any CPU.Build.0 = Release|Any CPU
		{8632A8A0-B31D-498D-AD5F-E7AB53748E47}.Debug|Any CPU.ActiveCfg = Debug|Any CPU
		{8632A8A0-B31D-498D-AD5F-E7AB53748E47}.Debug|Any CPU.Build.0 = Debug|Any CPU
		{8632A8A0-B31D-498D-AD5F-E7AB53748E47}.Release|Any CPU.ActiveCfg = Release|Any CPU
		{8632A8A0-B31D-498D-AD5F-E7AB53748E47}.Release|Any CPU.Build.0 = Release|Any CPU
	EndGlobalSection
	GlobalSection(SolutionProperties) = preSolution
		HideSolutionNode = FALSE
	EndGlobalSection
	GlobalSection(ExtensibilityGlobals) = postSolution
		SolutionGuid = {485907D7-E1A2-46C8-92ED-70285E45737F}
	EndGlobalSection
EndGlobal
